
Microsoft Visual Studio Solution File, Format Version 12.00
# Visual Studio Version 16
VisualStudioVersion = 16.0.30907.101
MinimumVisualStudioVersion = 10.0.40219.1
Project("{9A19103F-16F7-4668-BE54-9A1E7A4F7556}") = "KampIntro", "KampIntro.csproj", "{851842F9-D35A-486D-A776-81096CE2CBAB}"
EndProject
Project("{9A19103F-16F7-4668-BE54-9A1E7A4F7556}") = "ClassIntro", "..\ClassIntro\ClassIntro.csproj", "{E44C371B-5022-43EF-A619-763855431D80}"
EndProject
Project("{9A19103F-16F7-4668-BE54-9A1E7A4F7556}") = "DegerVeReferansTipler", "..\DegerVeReferansTipler\DegerVeReferansTipler.csproj", "{18868356-BFC9-4FB0-BE01-A1697BDEB82F}"
EndProject
Project("{9A19103F-16F7-4668-BE54-9A1E7A4F7556}") = "Döngüler", "..\Döngüler\Döngüler.csproj", "{523AA4C4-736C-45F6-AF87-F6084782DFD5}"
EndProject
Project("{9A19103F-16F7-4668-BE54-9A1E7A4F7556}") = "Matematik", "..\Matematik\Matematik.csproj", "{25872363-551F-4316-978C-1A42A2FD3E98}"
EndProject
Project("{9A19103F-16F7-4668-BE54-9A1E7A4F7556}") = "Metotlar", "..\Metotlar\Metotlar.csproj", "{B96E0EC1-E9A2-4E45-865D-E019E251E5C9}"
EndProject
Project("{9A19103F-16F7-4668-BE54-9A1E7A4F7556}") = "RefAndOut", "..\RefAndOut\RefAndOut.csproj", "{56108748-FC31-4B1E-ABD8-471AB57CC6B9}"
EndProject
Project("{FAE04EC0-301F-11D3-BF4B-00C04F79EFBC}") = "OOP1", "..\OOP1\OOP1.csproj", "{C39965CB-D751-4C45-B227-A8C5C7A0281E}"
EndProject
Project("{FAE04EC0-301F-11D3-BF4B-00C04F79EFBC}") = "Koleksiyonlar", "..\Koleksiyonlar\Koleksiyonlar.csproj", "{EE75E021-3787-46D6-A2B9-5A2C956CA61C}"
EndProject
Project("{FAE04EC0-301F-11D3-BF4B-00C04F79EFBC}") = "GenericsIntro", "..\GenericsIntro\GenericsIntro.csproj", "{AC664095-C684-4F83-8398-39B7E95D0B6A}"
EndProject
Global
	GlobalSection(SolutionConfigurationPlatforms) = preSolution
		Debug|Any CPU = Debug|Any CPU
		Release|Any CPU = Release|Any CPU
	EndGlobalSection
	GlobalSection(ProjectConfigurationPlatforms) = postSolution
		{851842F9-D35A-486D-A776-81096CE2CBAB}.Debug|Any CPU.ActiveCfg = Debug|Any CPU
		{851842F9-D35A-486D-A776-81096CE2CBAB}.Debug|Any CPU.Build.0 = Debug|Any CPU
		{851842F9-D35A-486D-A776-81096CE2CBAB}.Release|Any CPU.ActiveCfg = Release|Any CPU
		{851842F9-D35A-486D-A776-81096CE2CBAB}.Release|Any CPU.Build.0 = Release|Any CPU
		{E44C371B-5022-43EF-A619-763855431D80}.Debug|Any CPU.ActiveCfg = Debug|Any CPU
		{E44C371B-5022-43EF-A619-763855431D80}.Debug|Any CPU.Build.0 = Debug|Any CPU
		{E44C371B-5022-43EF-A619-763855431D80}.Release|Any CPU.ActiveCfg = Release|Any CPU
		{E44C371B-5022-43EF-A619-763855431D80}.Release|Any CPU.Build.0 = Release|Any CPU
		{18868356-BFC9-4FB0-BE01-A1697BDEB82F}.Debug|Any CPU.ActiveCfg = Debug|Any CPU
		{18868356-BFC9-4FB0-BE01-A1697BDEB82F}.Debug|Any CPU.Build.0 = Debug|Any CPU
		{18868356-BFC9-4FB0-BE01-A1697BDEB82F}.Release|Any CPU.ActiveCfg = Release|Any CPU
		{18868356-BFC9-4FB0-BE01-A1697BDEB82F}.Release|Any CPU.Build.0 = Release|Any CPU
		{523AA4C4-736C-45F6-AF87-F6084782DFD5}.Debug|Any CPU.ActiveCfg = Debug|Any CPU
		{523AA4C4-736C-45F6-AF87-F6084782DFD5}.Debug|Any CPU.Build.0 = Debug|Any CPU
		{523AA4C4-736C-45F6-AF87-F6084782DFD5}.Release|Any CPU.ActiveCfg = Release|Any CPU
		{523AA4C4-736C-45F6-AF87-F6084782DFD5}.Release|Any CPU.Build.0 = Release|Any CPU
		{25872363-551F-4316-978C-1A42A2FD3E98}.Debug|Any CPU.ActiveCfg = Debug|Any CPU
		{25872363-551F-4316-978C-1A42A2FD3E98}.Debug|Any CPU.Build.0 = Debug|Any CPU
		{25872363-551F-4316-978C-1A42A2FD3E98}.Release|Any CPU.ActiveCfg = Release|Any CPU
		{25872363-551F-4316-978C-1A42A2FD3E98}.Release|Any CPU.Build.0 = Release|Any CPU
		{B96E0EC1-E9A2-4E45-865D-E019E251E5C9}.Debug|Any CPU.ActiveCfg = Debug|Any CPU
		{B96E0EC1-E9A2-4E45-865D-E019E251E5C9}.Debug|Any CPU.Build.0 = Debug|Any CPU
		{B96E0EC1-E9A2-4E45-865D-E019E251E5C9}.Release|Any CPU.ActiveCfg = Release|Any CPU
		{B96E0EC1-E9A2-4E45-865D-E019E251E5C9}.Release|Any CPU.Build.0 = Release|Any CPU
		{56108748-FC31-4B1E-ABD8-471AB57CC6B9}.Debug|Any CPU.ActiveCfg = Debug|Any CPU
		{56108748-FC31-4B1E-ABD8-471AB57CC6B9}.Debug|Any CPU.Build.0 = Debug|Any CPU
		{56108748-FC31-4B1E-ABD8-471AB57CC6B9}.Release|Any CPU.ActiveCfg = Release|Any CPU
		{56108748-FC31-4B1E-ABD8-471AB57CC6B9}.Release|Any CPU.Build.0 = Release|Any CPU
		{C39965CB-D751-4C45-B227-A8C5C7A0281E}.Debug|Any CPU.ActiveCfg = Debug|Any CPU
		{C39965CB-D751-4C45-B227-A8C5C7A0281E}.Debug|Any CPU.Build.0 = Debug|Any CPU
		{C39965CB-D751-4C45-B227-A8C5C7A0281E}.Release|Any CPU.ActiveCfg = Release|Any CPU
		{C39965CB-D751-4C45-B227-A8C5C7A0281E}.Release|Any CPU.Build.0 = Release|Any CPU
		{EE75E021-3787-46D6-A2B9-5A2C956CA61C}.Debug|Any CPU.ActiveCfg = Debug|Any CPU
		{EE75E021-3787-46D6-A2B9-5A2C956CA61C}.Debug|Any CPU.Build.0 = Debug|Any CPU
		{EE75E021-3787-46D6-A2B9-5A2C956CA61C}.Release|Any CPU.ActiveCfg = Release|Any CPU
		{EE75E021-3787-46D6-A2B9-5A2C956CA61C}.Release|Any CPU.Build.0 = Release|Any CPU
		{AC664095-C684-4F83-8398-39B7E95D0B6A}.Debug|Any CPU.ActiveCfg = Debug|Any CPU
		{AC664095-C684-4F83-8398-39B7E95D0B6A}.Debug|Any CPU.Build.0 = Debug|Any CPU
		{AC664095-C684-4F83-8398-39B7E95D0B6A}.Release|Any CPU.ActiveCfg = Release|Any CPU
		{AC664095-C684-4F83-8398-39B7E95D0B6A}.Release|Any CPU.Build.0 = Release|Any CPU
	EndGlobalSection
	GlobalSection(SolutionProperties) = preSolution
		HideSolutionNode = FALSE
	EndGlobalSection
	GlobalSection(ExtensibilityGlobals) = postSolution
		SolutionGuid = {60DBBB9B-7F21-4419-B4DE-59E8CB9C0C58}
	EndGlobalSection
EndGlobal
